
Microsoft Visual Studio Solution File, Format Version 12.00
# Visual Studio Version 16
VisualStudioVersion = 16.0.29001.49
MinimumVisualStudioVersion = 10.0.40219.1
Project("{FAE04EC0-301F-11D3-BF4B-00C04F79EFBC}") = "SouthTech", "SouthTech\SouthTech.csproj", "{7867FFB1-F306-44D9-82D2-DB3ACBE2372F}"
EndProject
Global
	GlobalSection(SolutionConfigurationPlatforms) = preSolution
		Debug|Any CPU = Debug|Any CPU
		Release|Any CPU = Release|Any CPU
	EndGlobalSection
	GlobalSection(ProjectConfigurationPlatforms) = postSolution
		{7867FFB1-F306-44D9-82D2-DB3ACBE2372F}.Debug|Any CPU.ActiveCfg = Debug|Any CPU
		{7867FFB1-F306-44D9-82D2-DB3ACBE2372F}.Debug|Any CPU.Build.0 = Debug|Any CPU
		{7867FFB1-F306-44D9-82D2-DB3ACBE2372F}.Release|Any CPU.ActiveCfg = Release|Any CPU
		{7867FFB1-F306-44D9-82D2-DB3ACBE2372F}.Release|Any CPU.Build.0 = Release|Any CPU
	EndGlobalSection
	GlobalSection(SolutionProperties) = preSolution
		HideSolutionNode = FALSE
	EndGlobalSection
	GlobalSection(ExtensibilityGlobals) = postSolution
		SolutionGuid = {87CD2362-64C4-447C-A069-86A5ECEC1B7B}
	EndGlobalSection
EndGlobal
